// !$*UTF8*$!
{
	archiveVersion = 1;
	classes = {
	};
	objectVersion = 45;
	objects = {

/* Begin PBXBuildFile section */
		3D68668B1187C16B00D53D5E /* Sparkle.framework in Frameworks */ = {isa = PBXBuildFile; fileRef = 3D68668A1187C16B00D53D5E /* Sparkle.framework */; };
		3D6866991187C18E00D53D5E /* Growl.framework in Frameworks */ = {isa = PBXBuildFile; fileRef = 3D6866981187C18E00D53D5E /* Growl.framework */; };
		3D6866B71187C1AA00D53D5E /* Growl.framework in CopyFiles */ = {isa = PBXBuildFile; fileRef = 3D6866981187C18E00D53D5E /* Growl.framework */; };
		3D6866B91187C1AA00D53D5E /* Sparkle.framework in CopyFiles */ = {isa = PBXBuildFile; fileRef = 3D68668A1187C16B00D53D5E /* Sparkle.framework */; };
		3D6866F51187C1D400D53D5E /* BWToolkitFramework.framework in Frameworks */ = {isa = PBXBuildFile; fileRef = 3D6866F41187C1D400D53D5E /* BWToolkitFramework.framework */; };
		3D6866F81187C1DA00D53D5E /* BWToolkitFramework.framework in CopyFiles */ = {isa = PBXBuildFile; fileRef = 3D6866F41187C1D400D53D5E /* BWToolkitFramework.framework */; };
		3D68672F1187C20600D53D5E /* FacileCell.m in Sources */ = {isa = PBXBuildFile; fileRef = 3D68672C1187C20600D53D5E /* FacileCell.m */; };
		3D6867301187C20600D53D5E /* FacileCellDelegate.m in Sources */ = {isa = PBXBuildFile; fileRef = 3D68672E1187C20600D53D5E /* FacileCellDelegate.m */; };
		3D6867331187C21700D53D5E /* FacileToolbarDelegate.m in Sources */ = {isa = PBXBuildFile; fileRef = 3D6867321187C21700D53D5E /* FacileToolbarDelegate.m */; };
		3D6867381187C23F00D53D5E /* FacileController.m in Sources */ = {isa = PBXBuildFile; fileRef = 3D6867371187C23F00D53D5E /* FacileController.m */; };
		3D68676A1187C7C800D53D5E /* default.png in Resources */ = {isa = PBXBuildFile; fileRef = 3D6867651187C7C800D53D5E /* default.png */; };
		3D68676B1187C7C800D53D5E /* alert.png in Resources */ = {isa = PBXBuildFile; fileRef = 3D6867661187C7C800D53D5E /* alert.png */; };
		3D68676C1187C7C800D53D5E /* Facile.icns in Resources */ = {isa = PBXBuildFile; fileRef = 3D6867671187C7C800D53D5E /* Facile.icns */; };
		3D68676D1187C7C800D53D5E /* menubar.png in Resources */ = {isa = PBXBuildFile; fileRef = 3D6867681187C7C800D53D5E /* menubar.png */; };
		3D68676E1187C7C800D53D5E /* mask.png in Resources */ = {isa = PBXBuildFile; fileRef = 3D6867691187C7C800D53D5E /* mask.png */; };
		3DEB6AF3118A24ED00B6CD67 /* MKAbeFook.framework in Frameworks */ = {isa = PBXBuildFile; fileRef = 3DEB6AF2118A24ED00B6CD67 /* MKAbeFook.framework */; };
		3DEB6B34118A24FC00B6CD67 /* MKAbeFook.framework in CopyFiles */ = {isa = PBXBuildFile; fileRef = 3DEB6AF2118A24ED00B6CD67 /* MKAbeFook.framework */; };
		3DEB6C70118A450F00B6CD67 /* MainMenu.xib in Resources */ = {isa = PBXBuildFile; fileRef = 3DEB6C6F118A450F00B6CD67 /* MainMenu.xib */; };
		770B37ED0679A11B001EADE2 /* Facile_DataModel.xcdatamodel in Sources */ = {isa = PBXBuildFile; fileRef = 770B37EC0679A11B001EADE2 /* Facile_DataModel.xcdatamodel */; };
		77C8280E06725ACE000B614F /* Facile_AppDelegate.m in Sources */ = {isa = PBXBuildFile; fileRef = 77C8280C06725ACE000B614F /* Facile_AppDelegate.m */; };
		8D11072B0486CEB800E47090 /* InfoPlist.strings in Resources */ = {isa = PBXBuildFile; fileRef = 089C165CFE840E0CC02AAC07 /* InfoPlist.strings */; };
		8D11072D0486CEB800E47090 /* main.m in Sources */ = {isa = PBXBuildFile; fileRef = 29B97316FDCFA39411CA2CEA /* main.m */; settings = {ATTRIBUTES = (); }; };
		8D11072F0486CEB800E47090 /* Cocoa.framework in Frameworks */ = {isa = PBXBuildFile; fileRef = 1058C7A1FEA54F0111CA2CBB /* Cocoa.framework */; };
/* End PBXBuildFile section */

/* Begin PBXCopyFilesBuildPhase section */
		3D6866C31187C1B100D53D5E /* CopyFiles */ = {
			isa = PBXCopyFilesBuildPhase;
			buildActionMask = 2147483647;
			dstPath = "";
			dstSubfolderSpec = 10;
			files = (
				3DEB6B34118A24FC00B6CD67 /* MKAbeFook.framework in CopyFiles */,
				3D6866F81187C1DA00D53D5E /* BWToolkitFramework.framework in CopyFiles */,
				3D6866B71187C1AA00D53D5E /* Growl.framework in CopyFiles */,
				3D6866B91187C1AA00D53D5E /* Sparkle.framework in CopyFiles */,
			);
			runOnlyForDeploymentPostprocessing = 0;
		};
/* End PBXCopyFilesBuildPhase section */

/* Begin PBXFileReference section */
		089C165DFE840E0CC02AAC07 /* English */ = {isa = PBXFileReference; fileEncoding = 10; lastKnownFileType = text.plist.strings; name = English; path = English.lproj/InfoPlist.strings; sourceTree = "<group>"; };
		1058C7A1FEA54F0111CA2CBB /* Cocoa.framework */ = {isa = PBXFileReference; lastKnownFileType = wrapper.framework; name = Cocoa.framework; path = /System/Library/Frameworks/Cocoa.framework; sourceTree = "<absolute>"; };
		29B97316FDCFA39411CA2CEA /* main.m */ = {isa = PBXFileReference; fileEncoding = 4; lastKnownFileType = sourcecode.c.objc; path = main.m; sourceTree = "<group>"; };
		29B97324FDCFA39411CA2CEA /* AppKit.framework */ = {isa = PBXFileReference; lastKnownFileType = wrapper.framework; name = AppKit.framework; path = /System/Library/Frameworks/AppKit.framework; sourceTree = "<absolute>"; };
		29B97325FDCFA39411CA2CEA /* Foundation.framework */ = {isa = PBXFileReference; lastKnownFileType = wrapper.framework; name = Foundation.framework; path = /System/Library/Frameworks/Foundation.framework; sourceTree = "<absolute>"; };
		32CA4F630368D1EE00C91783 /* Facile_Prefix.pch */ = {isa = PBXFileReference; fileEncoding = 4; lastKnownFileType = sourcecode.c.h; path = Facile_Prefix.pch; sourceTree = "<group>"; };
		3D68668A1187C16B00D53D5E /* Sparkle.framework */ = {isa = PBXFileReference; lastKnownFileType = wrapper.framework; name = Sparkle.framework; path = /Users/William/Library/Frameworks/Sparkle.framework; sourceTree = "<absolute>"; };
		3D6866981187C18E00D53D5E /* Growl.framework */ = {isa = PBXFileReference; lastKnownFileType = wrapper.framework; name = Growl.framework; path = /Users/William/Library/Frameworks/Growl.framework; sourceTree = "<absolute>"; };
		3D6866F41187C1D400D53D5E /* BWToolkitFramework.framework */ = {isa = PBXFileReference; lastKnownFileType = wrapper.framework; name = BWToolkitFramework.framework; path = /Users/William/Library/Frameworks/BWToolkitFramework.framework; sourceTree = "<absolute>"; };
		3D68672B1187C20600D53D5E /* FacileCell.h */ = {isa = PBXFileReference; fileEncoding = 4; lastKnownFileType = sourcecode.c.h; path = FacileCell.h; sourceTree = "<group>"; };
		3D68672C1187C20600D53D5E /* FacileCell.m */ = {isa = PBXFileReference; fileEncoding = 4; lastKnownFileType = sourcecode.c.objc; path = FacileCell.m; sourceTree = "<group>"; };
		3D68672D1187C20600D53D5E /* FacileCellDelegate.h */ = {isa = PBXFileReference; fileEncoding = 4; lastKnownFileType = sourcecode.c.h; path = FacileCellDelegate.h; sourceTree = "<group>"; };
		3D68672E1187C20600D53D5E /* FacileCellDelegate.m */ = {isa = PBXFileReference; fileEncoding = 4; lastKnownFileType = sourcecode.c.objc; path = FacileCellDelegate.m; sourceTree = "<group>"; };
		3D6867311187C21700D53D5E /* FacileToolbarDelegate.h */ = {isa = PBXFileReference; fileEncoding = 4; lastKnownFileType = sourcecode.c.h; path = FacileToolbarDelegate.h; sourceTree = "<group>"; };
		3D6867321187C21700D53D5E /* FacileToolbarDelegate.m */ = {isa = PBXFileReference; fileEncoding = 4; lastKnownFileType = sourcecode.c.objc; path = FacileToolbarDelegate.m; sourceTree = "<group>"; };
		3D6867361187C23F00D53D5E /* FacileController.h */ = {isa = PBXFileReference; fileEncoding = 4; lastKnownFileType = sourcecode.c.h; path = FacileController.h; sourceTree = "<group>"; };
		3D6867371187C23F00D53D5E /* FacileController.m */ = {isa = PBXFileReference; fileEncoding = 4; lastKnownFileType = sourcecode.c.objc; path = FacileController.m; sourceTree = "<group>"; };
		3D6867651187C7C800D53D5E /* default.png */ = {isa = PBXFileReference; lastKnownFileType = image.png; path = default.png; sourceTree = "<group>"; };
		3D6867661187C7C800D53D5E /* alert.png */ = {isa = PBXFileReference; lastKnownFileType = image.png; path = alert.png; sourceTree = "<group>"; };
		3D6867671187C7C800D53D5E /* Facile.icns */ = {isa = PBXFileReference; lastKnownFileType = image.icns; path = Facile.icns; sourceTree = "<group>"; };
		3D6867681187C7C800D53D5E /* menubar.png */ = {isa = PBXFileReference; lastKnownFileType = image.png; path = menubar.png; sourceTree = "<group>"; };
		3D6867691187C7C800D53D5E /* mask.png */ = {isa = PBXFileReference; lastKnownFileType = image.png; path = mask.png; sourceTree = "<group>"; };
		3DEB6AF2118A24ED00B6CD67 /* MKAbeFook.framework */ = {isa = PBXFileReference; lastKnownFileType = wrapper.framework; path = MKAbeFook.framework; sourceTree = "<group>"; };
		3DEB6C6F118A450F00B6CD67 /* MainMenu.xib */ = {isa = PBXFileReference; lastKnownFileType = file.xib; path = MainMenu.xib; sourceTree = "<group>"; };
		770B37EC0679A11B001EADE2 /* Facile_DataModel.xcdatamodel */ = {isa = PBXFileReference; fileEncoding = 4; lastKnownFileType = wrapper.xcdatamodel; path = Facile_DataModel.xcdatamodel; sourceTree = "<group>"; };
		77C82804067257F0000B614F /* CoreData.framework */ = {isa = PBXFileReference; lastKnownFileType = wrapper.framework; name = CoreData.framework; path = /System/Library/Frameworks/CoreData.framework; sourceTree = "<absolute>"; };
		77C8280B06725ACE000B614F /* Facile_AppDelegate.h */ = {isa = PBXFileReference; fileEncoding = 4; lastKnownFileType = sourcecode.c.h; path = Facile_AppDelegate.h; sourceTree = "<group>"; };
		77C8280C06725ACE000B614F /* Facile_AppDelegate.m */ = {isa = PBXFileReference; fileEncoding = 4; lastKnownFileType = sourcecode.c.objc; path = Facile_AppDelegate.m; sourceTree = "<group>"; };
		8D1107310486CEB800E47090 /* Info.plist */ = {isa = PBXFileReference; explicitFileType = text.plist.xml; fileEncoding = 4; path = Info.plist; sourceTree = "<group>"; };
		8D1107320486CEB800E47090 /* Facile.app */ = {isa = PBXFileReference; explicitFileType = wrapper.application; includeInIndex = 0; path = Facile.app; sourceTree = BUILT_PRODUCTS_DIR; };
/* End PBXFileReference section */

/* Begin PBXFrameworksBuildPhase section */
		8D11072E0486CEB800E47090 /* Frameworks */ = {
			isa = PBXFrameworksBuildPhase;
			buildActionMask = 2147483647;
			files = (
				8D11072F0486CEB800E47090 /* Cocoa.framework in Frameworks */,
				3D68668B1187C16B00D53D5E /* Sparkle.framework in Frameworks */,
				3D6866991187C18E00D53D5E /* Growl.framework in Frameworks */,
				3D6866F51187C1D400D53D5E /* BWToolkitFramework.framework in Frameworks */,
				3DEB6AF3118A24ED00B6CD67 /* MKAbeFook.framework in Frameworks */,
			);
			runOnlyForDeploymentPostprocessing = 0;
		};
/* End PBXFrameworksBuildPhase section */

/* Begin PBXGroup section */
		080E96DDFE201D6D7F000001 /* Classes */ = {
			isa = PBXGroup;
			children = (
				3D6867311187C21700D53D5E /* FacileToolbarDelegate.h */,
				3D6867321187C21700D53D5E /* FacileToolbarDelegate.m */,
				3D68672B1187C20600D53D5E /* FacileCell.h */,
				3D68672C1187C20600D53D5E /* FacileCell.m */,
				3D68672D1187C20600D53D5E /* FacileCellDelegate.h */,
				3D68672E1187C20600D53D5E /* FacileCellDelegate.m */,
				77C8280B06725ACE000B614F /* Facile_AppDelegate.h */,
				77C8280C06725ACE000B614F /* Facile_AppDelegate.m */,
				3D6867361187C23F00D53D5E /* FacileController.h */,
				3D6867371187C23F00D53D5E /* FacileController.m */,
			);
			name = Classes;
			sourceTree = "<group>";
		};
		1058C7A0FEA54F0111CA2CBB /* Linked Frameworks */ = {
			isa = PBXGroup;
			children = (
				1058C7A1FEA54F0111CA2CBB /* Cocoa.framework */,
				3D6866F41187C1D400D53D5E /* BWToolkitFramework.framework */,
			);
			name = "Linked Frameworks";
			sourceTree = "<group>";
		};
		1058C7A2FEA54F0111CA2CBB /* Other Frameworks */ = {
			isa = PBXGroup;
			children = (
				3DEB6AF2118A24ED00B6CD67 /* MKAbeFook.framework */,
				3D6866981187C18E00D53D5E /* Growl.framework */,
				77C82804067257F0000B614F /* CoreData.framework */,
				29B97325FDCFA39411CA2CEA /* Foundation.framework */,
				29B97324FDCFA39411CA2CEA /* AppKit.framework */,
				3D68668A1187C16B00D53D5E /* Sparkle.framework */,
			);
			name = "Other Frameworks";
			sourceTree = "<group>";
		};
		19C28FACFE9D520D11CA2CBB /* Products */ = {
			isa = PBXGroup;
			children = (
				8D1107320486CEB800E47090 /* Facile.app */,
			);
			name = Products;
			sourceTree = "<group>";
		};
		29B97314FDCFA39411CA2CEA /* Facilious */ = {
			isa = PBXGroup;
			children = (
				7756732906782D8800D1FEB8 /* Models */,
				080E96DDFE201D6D7F000001 /* Classes */,
				29B97315FDCFA39411CA2CEA /* Other Sources */,
				29B97317FDCFA39411CA2CEA /* Resources */,
				29B97323FDCFA39411CA2CEA /* Frameworks */,
				19C28FACFE9D520D11CA2CBB /* Products */,
			);
			name = Facilious;
			sourceTree = "<group>";
		};
		29B97315FDCFA39411CA2CEA /* Other Sources */ = {
			isa = PBXGroup;
			children = (
				32CA4F630368D1EE00C91783 /* Facile_Prefix.pch */,
				29B97316FDCFA39411CA2CEA /* main.m */,
			);
			name = "Other Sources";
			sourceTree = "<group>";
		};
		29B97317FDCFA39411CA2CEA /* Resources */ = {
			isa = PBXGroup;
			children = (
				3DEB6C6F118A450F00B6CD67 /* MainMenu.xib */,
				3D6867651187C7C800D53D5E /* default.png */,
				3D6867661187C7C800D53D5E /* alert.png */,
				3D6867671187C7C800D53D5E /* Facile.icns */,
				3D6867681187C7C800D53D5E /* menubar.png */,
				3D6867691187C7C800D53D5E /* mask.png */,
				8D1107310486CEB800E47090 /* Info.plist */,
				089C165CFE840E0CC02AAC07 /* InfoPlist.strings */,
			);
			name = Resources;
			sourceTree = "<group>";
		};
		29B97323FDCFA39411CA2CEA /* Frameworks */ = {
			isa = PBXGroup;
			children = (
				1058C7A0FEA54F0111CA2CBB /* Linked Frameworks */,
				1058C7A2FEA54F0111CA2CBB /* Other Frameworks */,
			);
			name = Frameworks;
			sourceTree = "<group>";
		};
		7756732906782D8800D1FEB8 /* Models */ = {
			isa = PBXGroup;
			children = (
				770B37EC0679A11B001EADE2 /* Facile_DataModel.xcdatamodel */,
			);
			name = Models;
			sourceTree = "<group>";
		};
/* End PBXGroup section */

/* Begin PBXNativeTarget section */
		8D1107260486CEB800E47090 /* Facile */ = {
			isa = PBXNativeTarget;
			buildConfigurationList = 26FC0A840875C7B200E6366F /* Build configuration list for PBXNativeTarget "Facile" */;
			buildPhases = (
				8D1107290486CEB800E47090 /* Resources */,
				8D11072C0486CEB800E47090 /* Sources */,
				8D11072E0486CEB800E47090 /* Frameworks */,
				3D6866C31187C1B100D53D5E /* CopyFiles */,
			);
			buildRules = (
			);
			dependencies = (
			);
			name = Facile;
			productInstallPath = "$(HOME)/Applications";
			productName = Facilious;
			productReference = 8D1107320486CEB800E47090 /* Facile.app */;
			productType = "com.apple.product-type.application";
		};
/* End PBXNativeTarget section */

/* Begin PBXProject section */
		29B97313FDCFA39411CA2CEA /* Project object */ = {
			isa = PBXProject;
			buildConfigurationList = 26FC0A880875C7B200E6366F /* Build configuration list for PBXProject "Facile" */;
			compatibilityVersion = "Xcode 3.1";
			hasScannedForEncodings = 1;
			mainGroup = 29B97314FDCFA39411CA2CEA /* Facilious */;
			projectDirPath = "";
			projectRoot = "";
			targets = (
				8D1107260486CEB800E47090 /* Facile */,
			);
		};
/* End PBXProject section */

/* Begin PBXResourcesBuildPhase section */
		8D1107290486CEB800E47090 /* Resources */ = {
			isa = PBXResourcesBuildPhase;
			buildActionMask = 2147483647;
			files = (
				8D11072B0486CEB800E47090 /* InfoPlist.strings in Resources */,
				3D68676A1187C7C800D53D5E /* default.png in Resources */,
				3D68676B1187C7C800D53D5E /* alert.png in Resources */,
				3D68676C1187C7C800D53D5E /* Facile.icns in Resources */,
				3D68676D1187C7C800D53D5E /* menubar.png in Resources */,
				3D68676E1187C7C800D53D5E /* mask.png in Resources */,
				3DEB6C70118A450F00B6CD67 /* MainMenu.xib in Resources */,
			);
			runOnlyForDeploymentPostprocessing = 0;
		};
/* End PBXResourcesBuildPhase section */

/* Begin PBXSourcesBuildPhase section */
		8D11072C0486CEB800E47090 /* Sources */ = {
			isa = PBXSourcesBuildPhase;
			buildActionMask = 2147483647;
			files = (
				8D11072D0486CEB800E47090 /* main.m in Sources */,
				77C8280E06725ACE000B614F /* Facile_AppDelegate.m in Sources */,
				770B37ED0679A11B001EADE2 /* Facile_DataModel.xcdatamodel in Sources */,
				3D68672F1187C20600D53D5E /* FacileCell.m in Sources */,
				3D6867301187C20600D53D5E /* FacileCellDelegate.m in Sources */,
				3D6867331187C21700D53D5E /* FacileToolbarDelegate.m in Sources */,
				3D6867381187C23F00D53D5E /* FacileController.m in Sources */,
			);
			runOnlyForDeploymentPostprocessing = 0;
		};
/* End PBXSourcesBuildPhase section */

/* Begin PBXVariantGroup section */
		089C165CFE840E0CC02AAC07 /* InfoPlist.strings */ = {
			isa = PBXVariantGroup;
			children = (
				089C165DFE840E0CC02AAC07 /* English */,
			);
			name = InfoPlist.strings;
			sourceTree = "<group>";
		};
/* End PBXVariantGroup section */

/* Begin XCBuildConfiguration section */
		26FC0A850875C7B200E6366F /* Debug */ = {
			isa = XCBuildConfiguration;
			buildSettings = {
				ARCHS = "$(ARCHS_STANDARD_32_64_BIT)";
				COPY_PHASE_STRIP = NO;
				FRAMEWORK_SEARCH_PATHS = (
					"$(inherited)",
					"\"$(SRCROOT)/../../Library/Frameworks\"",
					"\"$(SRCROOT)/../../Desktop\"",
					"\"$(SRCROOT)\"",
				);
				GCC_DYNAMIC_NO_PIC = NO;
				GCC_ENABLE_FIX_AND_CONTINUE = YES;
				GCC_ENABLE_OBJC_EXCEPTIONS = YES;
				GCC_MODEL_TUNING = G5;
				GCC_OPTIMIZATION_LEVEL = 0;
				GCC_PRECOMPILE_PREFIX_HEADER = YES;
				GCC_PREFIX_HEADER = Facile_Prefix.pch;
				INFOPLIST_FILE = Info.plist;
				INSTALL_PATH = "$(HOME)/Applications";
				PRODUCT_NAME = Facile;
				WRAPPER_EXTENSION = app;
			};
			name = Debug;
		};
		26FC0A860875C7B200E6366F /* Release */ = {
			isa = XCBuildConfiguration;
			buildSettings = {
				DEBUG_INFORMATION_FORMAT = "dwarf-with-dsym";
				FRAMEWORK_SEARCH_PATHS = (
					"$(inherited)",
					"\"$(SRCROOT)/../../Library/Frameworks\"",
					"\"$(SRCROOT)/../../Desktop\"",
					"\"$(SRCROOT)\"",
				);
				GCC_ENABLE_OBJC_EXCEPTIONS = YES;
				GCC_MODEL_TUNING = G5;
				GCC_PRECOMPILE_PREFIX_HEADER = YES;
				GCC_PREFIX_HEADER = Facile_Prefix.pch;
				INFOPLIST_FILE = Info.plist;
				INSTALL_PATH = "$(HOME)/Applications";
				PRODUCT_NAME = Facile;
				WRAPPER_EXTENSION = app;
			};
			name = Release;
		};
		26FC0A890875C7B200E6366F /* Debug */ = {
			isa = XCBuildConfiguration;
			buildSettings = {
				ARCHS = "$(ARCHS_STANDARD_32_64_BIT)";
				GCC_C_LANGUAGE_STANDARD = gnu99;
				GCC_WARN_ABOUT_RETURN_TYPE = YES;
				GCC_WARN_UNUSED_VARIABLE = YES;
				ONLY_ACTIVE_ARCH = YES;
				PREBINDING = NO;
				SDKROOT = macosx10.6;
			};
			name = Debug;
		};
		26FC0A8A0875C7B200E6366F /* Release */ = {
			isa = XCBuildConfiguration;
			buildSettings = {
				ARCHS = "$(ARCHS_STANDARD_32_64_BIT)";
				GCC_C_LANGUAGE_STANDARD = gnu99;
				GCC_WARN_ABOUT_RETURN_TYPE = YES;
				GCC_WARN_UNUSED_VARIABLE = YES;
				PREBINDING = NO;
				SDKROOT = macosx10.6;
			};
			name = Release;
		};
/* End XCBuildConfiguration section */

/* Begin XCConfigurationList section */
		26FC0A840875C7B200E6366F /* Build configuration list for PBXNativeTarget "Facile" */ = {
			isa = XCConfigurationList;
			buildConfigurations = (
				26FC0A850875C7B200E6366F /* Debug */,
				26FC0A860875C7B200E6366F /* Release */,
			);
			defaultConfigurationIsVisible = 0;
			defaultConfigurationName = Release;
		};
		26FC0A880875C7B200E6366F /* Build configuration list for PBXProject "Facile" */ = {
			isa = XCConfigurationList;
			buildConfigurations = (
				26FC0A890875C7B200E6366F /* Debug */,
				26FC0A8A0875C7B200E6366F /* Release */,
			);
			defaultConfigurationIsVisible = 0;
			defaultConfigurationName = Release;
		};
/* End XCConfigurationList section */
	};
	rootObject = 29B97313FDCFA39411CA2CEA /* Project object */;
}
